
Microsoft Visual Studio Solution File, Format Version 12.00
# Visual Studio Version 17
VisualStudioVersion = 17.7.34024.191
MinimumVisualStudioVersion = 10.0.40219.1
Project("{9A19103F-16F7-4668-BE54-9A1E7A4F7556}") = "FSG.HCM.Onboarding.HttpApi.Host", "FSG.HCM.Onboarding.HttpApi.Host.csproj", "{C78503CD-C607-4452-8186-B6270045553C}"
EndProject
Global
	GlobalSection(SolutionConfigurationPlatforms) = preSolution
		Debug|Any CPU = Debug|Any CPU
		Release|Any CPU = Release|Any CPU
	EndGlobalSection
	GlobalSection(ProjectConfigurationPlatforms) = postSolution
		{C78503CD-C607-4452-8186-B6270045553C}.Debug|Any CPU.ActiveCfg = Debug|Any CPU
		{C78503CD-C607-4452-8186-B6270045553C}.Debug|Any CPU.Build.0 = Debug|Any CPU
		{C78503CD-C607-4452-8186-B6270045553C}.Release|Any CPU.ActiveCfg = Release|Any CPU
		{C78503CD-C607-4452-8186-B6270045553C}.Release|Any CPU.Build.0 = Release|Any CPU
	EndGlobalSection
	GlobalSection(SolutionProperties) = preSolution
		HideSolutionNode = FALSE
	EndGlobalSection
	GlobalSection(ExtensibilityGlobals) = postSolution
		SolutionGuid = {A09799F9-D599-4356-953A-968B0FD76E03}
	EndGlobalSection
EndGlobal
